// !$*UTF8*$!
{
	archiveVersion = 1;
	classes = {
	};
	objectVersion = 55;
	objects = {

/* Begin PBXBuildFile section */
		FACFCA212750E0CE00D876B2 /* AppDelegate.swift in Sources */ = {isa = PBXBuildFile; fileRef = FACFCA202750E0CE00D876B2 /* AppDelegate.swift */; };
		FACFCA232750E0CE00D876B2 /* SceneDelegate.swift in Sources */ = {isa = PBXBuildFile; fileRef = FACFCA222750E0CE00D876B2 /* SceneDelegate.swift */; };
		FACFCA282750E0CE00D876B2 /* Main.storyboard in Resources */ = {isa = PBXBuildFile; fileRef = FACFCA262750E0CE00D876B2 /* Main.storyboard */; };
		FACFCA2A2750E0D400D876B2 /* Assets.xcassets in Resources */ = {isa = PBXBuildFile; fileRef = FACFCA292750E0D400D876B2 /* Assets.xcassets */; };
		FACFCA2D2750E0D400D876B2 /* LaunchScreen.storyboard in Resources */ = {isa = PBXBuildFile; fileRef = FACFCA2B2750E0D400D876B2 /* LaunchScreen.storyboard */; };
		FACFCA3B2750E18000D876B2 /* String.swift in Sources */ = {isa = PBXBuildFile; fileRef = FACFCA3A2750E17F00D876B2 /* String.swift */; };
		FACFCA3D2750E1AE00D876B2 /* JsonParsing.swift in Sources */ = {isa = PBXBuildFile; fileRef = FACFCA3C2750E1AE00D876B2 /* JsonParsing.swift */; };
		FACFCA3F2750E1CB00D876B2 /* ViewModel.swift in Sources */ = {isa = PBXBuildFile; fileRef = FACFCA3E2750E1CB00D876B2 /* ViewModel.swift */; };
		FACFCA412750E1ED00D876B2 /* Model.swift in Sources */ = {isa = PBXBuildFile; fileRef = FACFCA402750E1ED00D876B2 /* Model.swift */; };
		FACFCA432750E57300D876B2 /* Colors.xcassets in Resources */ = {isa = PBXBuildFile; fileRef = FACFCA422750E57300D876B2 /* Colors.xcassets */; };
		FACFCA452750E5CC00D876B2 /* UIContent.xcassets in Resources */ = {isa = PBXBuildFile; fileRef = FACFCA442750E5CC00D876B2 /* UIContent.xcassets */; };
		FACFCA482750EED300D876B2 /* UIColor.swift in Sources */ = {isa = PBXBuildFile; fileRef = FACFCA472750EED300D876B2 /* UIColor.swift */; };
		FACFCA4A2750EEFB00D876B2 /* NotificationName.swift in Sources */ = {isa = PBXBuildFile; fileRef = FACFCA492750EEFB00D876B2 /* NotificationName.swift */; };
		FACFCA4D2751084100D876B2 /* AppNavigationController.swift in Sources */ = {isa = PBXBuildFile; fileRef = FACFCA4C2751084100D876B2 /* AppNavigationController.swift */; };
		FACFCA5227510D5C00D876B2 /* Bindable.swift in Sources */ = {isa = PBXBuildFile; fileRef = FACFCA5127510D5C00D876B2 /* Bindable.swift */; };
		FACFCA5427511DD200D876B2 /* NasaCollectionViewCell.swift in Sources */ = {isa = PBXBuildFile; fileRef = FACFCA5327511DD200D876B2 /* NasaCollectionViewCell.swift */; };
		FACFCA5627511E5500D876B2 /* NasaViewController.swift in Sources */ = {isa = PBXBuildFile; fileRef = FACFCA5527511E5500D876B2 /* NasaViewController.swift */; };
		FACFCA582751255C00D876B2 /* CarouselFlowLayout.swift in Sources */ = {isa = PBXBuildFile; fileRef = FACFCA572751255C00D876B2 /* CarouselFlowLayout.swift */; };
		FACFCA5A27515C8E00D876B2 /* MainViewController.swift in Sources */ = {isa = PBXBuildFile; fileRef = FACFCA5927515C8D00D876B2 /* MainViewController.swift */; };
		FACFCA5E2751621100D876B2 /* AZListViewController.swift in Sources */ = {isa = PBXBuildFile; fileRef = FACFCA5D2751621100D876B2 /* AZListViewController.swift */; };
		FACFCA602751622B00D876B2 /* GalleryViewController.swift in Sources */ = {isa = PBXBuildFile; fileRef = FACFCA5F2751622B00D876B2 /* GalleryViewController.swift */; };
		FACFCA622751623C00D876B2 /* GroupViewController.swift in Sources */ = {isa = PBXBuildFile; fileRef = FACFCA612751623C00D876B2 /* GroupViewController.swift */; };
		FACFCA642751652B00D876B2 /* DetailViewController.swift in Sources */ = {isa = PBXBuildFile; fileRef = FACFCA632751652B00D876B2 /* DetailViewController.swift */; };
		FACFCA682751666600D876B2 /* GalleryTableViewCell.swift in Sources */ = {isa = PBXBuildFile; fileRef = FACFCA662751666600D876B2 /* GalleryTableViewCell.swift */; };
		FACFCA692751666600D876B2 /* GalleryTableViewCell.xib in Resources */ = {isa = PBXBuildFile; fileRef = FACFCA672751666600D876B2 /* GalleryTableViewCell.xib */; };
		FACFCA6E2751669300D876B2 /* AZListTableViewCell.swift in Sources */ = {isa = PBXBuildFile; fileRef = FACFCA6C2751669300D876B2 /* AZListTableViewCell.swift */; };
		FACFCA6F2751669300D876B2 /* AZListTableViewCell.xib in Resources */ = {isa = PBXBuildFile; fileRef = FACFCA6D2751669300D876B2 /* AZListTableViewCell.xib */; };
		FACFCA72275166A200D876B2 /* GroupTableViewCell.swift in Sources */ = {isa = PBXBuildFile; fileRef = FACFCA70275166A200D876B2 /* GroupTableViewCell.swift */; };
		FACFCA73275166A200D876B2 /* GroupTableViewCell.xib in Resources */ = {isa = PBXBuildFile; fileRef = FACFCA71275166A200D876B2 /* GroupTableViewCell.xib */; };
		FACFCA752752A0D600D876B2 /* JsonModel.swift in Sources */ = {isa = PBXBuildFile; fileRef = FACFCA742752A0D600D876B2 /* JsonModel.swift */; };
		FACFCA772752B81D00D876B2 /* AZLIstAndGroupViewModel.swift in Sources */ = {isa = PBXBuildFile; fileRef = FACFCA762752B81D00D876B2 /* AZLIstAndGroupViewModel.swift */; };
		FACFCA792752B8D200D876B2 /* DataModel.swift in Sources */ = {isa = PBXBuildFile; fileRef = FACFCA782752B8D200D876B2 /* DataModel.swift */; };
/* End PBXBuildFile section */

/* Begin PBXFileReference section */
		FACFCA1D2750E0CE00D876B2 /* groupAndAZlist.app */ = {isa = PBXFileReference; explicitFileType = wrapper.application; includeInIndex = 0; path = groupAndAZlist.app; sourceTree = BUILT_PRODUCTS_DIR; };
		FACFCA202750E0CE00D876B2 /* AppDelegate.swift */ = {isa = PBXFileReference; lastKnownFileType = sourcecode.swift; path = AppDelegate.swift; sourceTree = "<group>"; };
		FACFCA222750E0CE00D876B2 /* SceneDelegate.swift */ = {isa = PBXFileReference; lastKnownFileType = sourcecode.swift; path = SceneDelegate.swift; sourceTree = "<group>"; };
		FACFCA272750E0CE00D876B2 /* Base */ = {isa = PBXFileReference; lastKnownFileType = file.storyboard; name = Base; path = Base.lproj/Main.storyboard; sourceTree = "<group>"; };
		FACFCA292750E0D400D876B2 /* Assets.xcassets */ = {isa = PBXFileReference; lastKnownFileType = folder.assetcatalog; path = Assets.xcassets; sourceTree = "<group>"; };
		FACFCA2C2750E0D400D876B2 /* Base */ = {isa = PBXFileReference; lastKnownFileType = file.storyboard; name = Base; path = Base.lproj/LaunchScreen.storyboard; sourceTree = "<group>"; };
		FACFCA2E2750E0D400D876B2 /* Info.plist */ = {isa = PBXFileReference; lastKnownFileType = text.plist.xml; path = Info.plist; sourceTree = "<group>"; };
		FACFCA3A2750E17F00D876B2 /* String.swift */ = {isa = PBXFileReference; lastKnownFileType = sourcecode.swift; path = String.swift; sourceTree = "<group>"; };
		FACFCA3C2750E1AE00D876B2 /* JsonParsing.swift */ = {isa = PBXFileReference; lastKnownFileType = sourcecode.swift; name = JsonParsing.swift; path = groupAndAZlist/Helper/JsonParsing.swift; sourceTree = SOURCE_ROOT; };
		FACFCA3E2750E1CB00D876B2 /* ViewModel.swift */ = {isa = PBXFileReference; lastKnownFileType = sourcecode.swift; path = ViewModel.swift; sourceTree = "<group>"; };
		FACFCA402750E1ED00D876B2 /* Model.swift */ = {isa = PBXFileReference; lastKnownFileType = sourcecode.swift; path = Model.swift; sourceTree = "<group>"; };
		FACFCA422750E57300D876B2 /* Colors.xcassets */ = {isa = PBXFileReference; lastKnownFileType = folder.assetcatalog; path = Colors.xcassets; sourceTree = "<group>"; };
		FACFCA442750E5CC00D876B2 /* UIContent.xcassets */ = {isa = PBXFileReference; lastKnownFileType = folder.assetcatalog; path = UIContent.xcassets; sourceTree = "<group>"; };
		FACFCA472750EED300D876B2 /* UIColor.swift */ = {isa = PBXFileReference; lastKnownFileType = sourcecode.swift; path = UIColor.swift; sourceTree = "<group>"; };
		FACFCA492750EEFB00D876B2 /* NotificationName.swift */ = {isa = PBXFileReference; lastKnownFileType = sourcecode.swift; path = NotificationName.swift; sourceTree = "<group>"; };
		FACFCA4C2751084100D876B2 /* AppNavigationController.swift */ = {isa = PBXFileReference; lastKnownFileType = sourcecode.swift; path = AppNavigationController.swift; sourceTree = "<group>"; };
		FACFCA5127510D5C00D876B2 /* Bindable.swift */ = {isa = PBXFileReference; lastKnownFileType = sourcecode.swift; path = Bindable.swift; sourceTree = "<group>"; };
		FACFCA5327511DD200D876B2 /* NasaCollectionViewCell.swift */ = {isa = PBXFileReference; lastKnownFileType = sourcecode.swift; path = NasaCollectionViewCell.swift; sourceTree = "<group>"; };
		FACFCA5527511E5500D876B2 /* NasaViewController.swift */ = {isa = PBXFileReference; lastKnownFileType = sourcecode.swift; path = NasaViewController.swift; sourceTree = "<group>"; };
		FACFCA572751255C00D876B2 /* CarouselFlowLayout.swift */ = {isa = PBXFileReference; lastKnownFileType = sourcecode.swift; path = CarouselFlowLayout.swift; sourceTree = "<group>"; };
		FACFCA5927515C8D00D876B2 /* MainViewController.swift */ = {isa = PBXFileReference; lastKnownFileType = sourcecode.swift; path = MainViewController.swift; sourceTree = "<group>"; };
		FACFCA5D2751621100D876B2 /* AZListViewController.swift */ = {isa = PBXFileReference; lastKnownFileType = sourcecode.swift; path = AZListViewController.swift; sourceTree = "<group>"; };
		FACFCA5F2751622B00D876B2 /* GalleryViewController.swift */ = {isa = PBXFileReference; lastKnownFileType = sourcecode.swift; path = GalleryViewController.swift; sourceTree = "<group>"; };
		FACFCA612751623C00D876B2 /* GroupViewController.swift */ = {isa = PBXFileReference; lastKnownFileType = sourcecode.swift; path = GroupViewController.swift; sourceTree = "<group>"; };
		FACFCA632751652B00D876B2 /* DetailViewController.swift */ = {isa = PBXFileReference; lastKnownFileType = sourcecode.swift; path = DetailViewController.swift; sourceTree = "<group>"; };
		FACFCA662751666600D876B2 /* GalleryTableViewCell.swift */ = {isa = PBXFileReference; lastKnownFileType = sourcecode.swift; path = GalleryTableViewCell.swift; sourceTree = "<group>"; };
		FACFCA672751666600D876B2 /* GalleryTableViewCell.xib */ = {isa = PBXFileReference; lastKnownFileType = file.xib; path = GalleryTableViewCell.xib; sourceTree = "<group>"; };
		FACFCA6C2751669300D876B2 /* AZListTableViewCell.swift */ = {isa = PBXFileReference; lastKnownFileType = sourcecode.swift; path = AZListTableViewCell.swift; sourceTree = "<group>"; };
		FACFCA6D2751669300D876B2 /* AZListTableViewCell.xib */ = {isa = PBXFileReference; lastKnownFileType = file.xib; path = AZListTableViewCell.xib; sourceTree = "<group>"; };
		FACFCA70275166A200D876B2 /* GroupTableViewCell.swift */ = {isa = PBXFileReference; lastKnownFileType = sourcecode.swift; path = GroupTableViewCell.swift; sourceTree = "<group>"; };
		FACFCA71275166A200D876B2 /* GroupTableViewCell.xib */ = {isa = PBXFileReference; lastKnownFileType = file.xib; path = GroupTableViewCell.xib; sourceTree = "<group>"; };
		FACFCA742752A0D600D876B2 /* JsonModel.swift */ = {isa = PBXFileReference; lastKnownFileType = sourcecode.swift; path = JsonModel.swift; sourceTree = "<group>"; };
		FACFCA762752B81D00D876B2 /* AZLIstAndGroupViewModel.swift */ = {isa = PBXFileReference; lastKnownFileType = sourcecode.swift; path = AZLIstAndGroupViewModel.swift; sourceTree = "<group>"; };
		FACFCA782752B8D200D876B2 /* DataModel.swift */ = {isa = PBXFileReference; lastKnownFileType = sourcecode.swift; path = DataModel.swift; sourceTree = "<group>"; };
/* End PBXFileReference section */

/* Begin PBXFrameworksBuildPhase section */
		FACFCA1A2750E0CE00D876B2 /* Frameworks */ = {
			isa = PBXFrameworksBuildPhase;
			buildActionMask = 2147483647;
			files = (
			);
			runOnlyForDeploymentPostprocessing = 0;
		};
/* End PBXFrameworksBuildPhase section */

/* Begin PBXGroup section */
		FACFCA142750E0CE00D876B2 = {
			isa = PBXGroup;
			children = (
				FACFCA1F2750E0CE00D876B2 /* groupAndAZlist */,
				FACFCA1E2750E0CE00D876B2 /* Products */,
			);
			sourceTree = "<group>";
		};
		FACFCA1E2750E0CE00D876B2 /* Products */ = {
			isa = PBXGroup;
			children = (
				FACFCA1D2750E0CE00D876B2 /* groupAndAZlist.app */,
			);
			name = Products;
			sourceTree = "<group>";
		};
		FACFCA1F2750E0CE00D876B2 /* groupAndAZlist */ = {
			isa = PBXGroup;
			children = (
				FACFCA5027510D3F00D876B2 /* Bind */,
				FACFCA202750E0CE00D876B2 /* AppDelegate.swift */,
				FACFCA222750E0CE00D876B2 /* SceneDelegate.swift */,
				FACFCA462750EEB200D876B2 /* Extensions */,
				FACFCA342750E0E900D876B2 /* Model */,
				FACFCA392750E14300D876B2 /* View */,
				FACFCA362750E0FF00D876B2 /* ViewController */,
				FACFCA352750E0F500D876B2 /* ViewModel */,
				FACFCA4B2751081900D876B2 /* Navigation */,
				FACFCA372750E10900D876B2 /* Worker */,
				FACFCA382750E11A00D876B2 /* Helper */,
				FACFCA4E275108FA00D876B2 /* Resources */,
				FACFCA2B2750E0D400D876B2 /* LaunchScreen.storyboard */,
				FACFCA2E2750E0D400D876B2 /* Info.plist */,
				FACFCA572751255C00D876B2 /* CarouselFlowLayout.swift */,
			);
			path = groupAndAZlist;
			sourceTree = "<group>";
		};
		FACFCA342750E0E900D876B2 /* Model */ = {
			isa = PBXGroup;
			children = (
				FACFCA402750E1ED00D876B2 /* Model.swift */,
				FACFCA742752A0D600D876B2 /* JsonModel.swift */,
				FACFCA782752B8D200D876B2 /* DataModel.swift */,
			);
			path = Model;
			sourceTree = "<group>";
		};
		FACFCA352750E0F500D876B2 /* ViewModel */ = {
			isa = PBXGroup;
			children = (
				FACFCA3E2750E1CB00D876B2 /* ViewModel.swift */,
				FACFCA762752B81D00D876B2 /* AZLIstAndGroupViewModel.swift */,
			);
			path = ViewModel;
			sourceTree = "<group>";
		};
		FACFCA362750E0FF00D876B2 /* ViewController */ = {
			isa = PBXGroup;
			children = (
				FACFCA5527511E5500D876B2 /* NasaViewController.swift */,
				FACFCA5927515C8D00D876B2 /* MainViewController.swift */,
				FACFCA5F2751622B00D876B2 /* GalleryViewController.swift */,
				FACFCA5D2751621100D876B2 /* AZListViewController.swift */,
				FACFCA612751623C00D876B2 /* GroupViewController.swift */,
				FACFCA632751652B00D876B2 /* DetailViewController.swift */,
			);
			path = ViewController;
			sourceTree = "<group>";
		};
		FACFCA372750E10900D876B2 /* Worker */ = {
			isa = PBXGroup;
			children = (
				FACFCA3C2750E1AE00D876B2 /* JsonParsing.swift */,
			);
			name = Worker;
			path = "New Group1";
			sourceTree = "<group>";
		};
		FACFCA382750E11A00D876B2 /* Helper */ = {
			isa = PBXGroup;
			children = (
			);
			path = Helper;
			sourceTree = "<group>";
		};
		FACFCA392750E14300D876B2 /* View */ = {
			isa = PBXGroup;
			children = (
				FACFCA652751663F00D876B2 /* Cell */,
				FACFCA262750E0CE00D876B2 /* Main.storyboard */,
				FACFCA5327511DD200D876B2 /* NasaCollectionViewCell.swift */,
			);
			path = View;
			sourceTree = "<group>";
		};
		FACFCA462750EEB200D876B2 /* Extensions */ = {
			isa = PBXGroup;
			children = (
				FACFCA472750EED300D876B2 /* UIColor.swift */,
				FACFCA3A2750E17F00D876B2 /* String.swift */,
				FACFCA492750EEFB00D876B2 /* NotificationName.swift */,
			);
			path = Extensions;
			sourceTree = "<group>";
		};
		FACFCA4B2751081900D876B2 /* Navigation */ = {
			isa = PBXGroup;
			children = (
				FACFCA4C2751084100D876B2 /* AppNavigationController.swift */,
			);
			path = Navigation;
			sourceTree = "<group>";
		};
		FACFCA4E275108FA00D876B2 /* Resources */ = {
			isa = PBXGroup;
			children = (
				FACFCA292750E0D400D876B2 /* Assets.xcassets */,
				FACFCA442750E5CC00D876B2 /* UIContent.xcassets */,
				FACFCA422750E57300D876B2 /* Colors.xcassets */,
			);
			path = Resources;
			sourceTree = "<group>";
		};
		FACFCA5027510D3F00D876B2 /* Bind */ = {
			isa = PBXGroup;
			children = (
				FACFCA5127510D5C00D876B2 /* Bindable.swift */,
			);
			path = Bind;
			sourceTree = "<group>";
		};
		FACFCA652751663F00D876B2 /* Cell */ = {
			isa = PBXGroup;
			children = (
				FACFCA662751666600D876B2 /* GalleryTableViewCell.swift */,
				FACFCA672751666600D876B2 /* GalleryTableViewCell.xib */,
				FACFCA6C2751669300D876B2 /* AZListTableViewCell.swift */,
				FACFCA6D2751669300D876B2 /* AZListTableViewCell.xib */,
				FACFCA70275166A200D876B2 /* GroupTableViewCell.swift */,
				FACFCA71275166A200D876B2 /* GroupTableViewCell.xib */,
			);
			path = Cell;
			sourceTree = "<group>";
		};
/* End PBXGroup section */

/* Begin PBXNativeTarget section */
		FACFCA1C2750E0CE00D876B2 /* groupAndAZlist */ = {
			isa = PBXNativeTarget;
			buildConfigurationList = FACFCA312750E0D400D876B2 /* Build configuration list for PBXNativeTarget "groupAndAZlist" */;
			buildPhases = (
				FACFCA192750E0CE00D876B2 /* Sources */,
				FACFCA1A2750E0CE00D876B2 /* Frameworks */,
				FACFCA1B2750E0CE00D876B2 /* Resources */,
			);
			buildRules = (
			);
			dependencies = (
			);
			name = groupAndAZlist;
			productName = groupAndAZlist;
			productReference = FACFCA1D2750E0CE00D876B2 /* groupAndAZlist.app */;
			productType = "com.apple.product-type.application";
		};
/* End PBXNativeTarget section */

/* Begin PBXProject section */
		FACFCA152750E0CE00D876B2 /* Project object */ = {
			isa = PBXProject;
			attributes = {
				BuildIndependentTargetsInParallel = 1;
				LastSwiftUpdateCheck = 1300;
				LastUpgradeCheck = 1300;
				TargetAttributes = {
					FACFCA1C2750E0CE00D876B2 = {
						CreatedOnToolsVersion = 13.0;
					};
				};
			};
			buildConfigurationList = FACFCA182750E0CE00D876B2 /* Build configuration list for PBXProject "groupAndAZlist" */;
			compatibilityVersion = "Xcode 13.0";
			developmentRegion = en;
			hasScannedForEncodings = 0;
			knownRegions = (
				en,
				Base,
			);
			mainGroup = FACFCA142750E0CE00D876B2;
			productRefGroup = FACFCA1E2750E0CE00D876B2 /* Products */;
			projectDirPath = "";
			projectRoot = "";
			targets = (
				FACFCA1C2750E0CE00D876B2 /* groupAndAZlist */,
			);
		};
/* End PBXProject section */

/* Begin PBXResourcesBuildPhase section */
		FACFCA1B2750E0CE00D876B2 /* Resources */ = {
			isa = PBXResourcesBuildPhase;
			buildActionMask = 2147483647;
			files = (
				FACFCA2D2750E0D400D876B2 /* LaunchScreen.storyboard in Resources */,
				FACFCA432750E57300D876B2 /* Colors.xcassets in Resources */,
				FACFCA452750E5CC00D876B2 /* UIContent.xcassets in Resources */,
				FACFCA2A2750E0D400D876B2 /* Assets.xcassets in Resources */,
				FACFCA692751666600D876B2 /* GalleryTableViewCell.xib in Resources */,
				FACFCA282750E0CE00D876B2 /* Main.storyboard in Resources */,
				FACFCA6F2751669300D876B2 /* AZListTableViewCell.xib in Resources */,
				FACFCA73275166A200D876B2 /* GroupTableViewCell.xib in Resources */,
			);
			runOnlyForDeploymentPostprocessing = 0;
		};
/* End PBXResourcesBuildPhase section */

/* Begin PBXSourcesBuildPhase section */
		FACFCA192750E0CE00D876B2 /* Sources */ = {
			isa = PBXSourcesBuildPhase;
			buildActionMask = 2147483647;
			files = (
				FACFCA72275166A200D876B2 /* GroupTableViewCell.swift in Sources */,
				FACFCA622751623C00D876B2 /* GroupViewController.swift in Sources */,
				FACFCA412750E1ED00D876B2 /* Model.swift in Sources */,
				FACFCA6E2751669300D876B2 /* AZListTableViewCell.swift in Sources */,
				FACFCA602751622B00D876B2 /* GalleryViewController.swift in Sources */,
				FACFCA792752B8D200D876B2 /* DataModel.swift in Sources */,
				FACFCA5427511DD200D876B2 /* NasaCollectionViewCell.swift in Sources */,
				FACFCA3D2750E1AE00D876B2 /* JsonParsing.swift in Sources */,
				FACFCA212750E0CE00D876B2 /* AppDelegate.swift in Sources */,
				FACFCA682751666600D876B2 /* GalleryTableViewCell.swift in Sources */,
				FACFCA752752A0D600D876B2 /* JsonModel.swift in Sources */,
				FACFCA5627511E5500D876B2 /* NasaViewController.swift in Sources */,
				FACFCA772752B81D00D876B2 /* AZLIstAndGroupViewModel.swift in Sources */,
				FACFCA5227510D5C00D876B2 /* Bindable.swift in Sources */,
				FACFCA3B2750E18000D876B2 /* String.swift in Sources */,
				FACFCA642751652B00D876B2 /* DetailViewController.swift in Sources */,
				FACFCA482750EED300D876B2 /* UIColor.swift in Sources */,
				FACFCA5A27515C8E00D876B2 /* MainViewController.swift in Sources */,
				FACFCA582751255C00D876B2 /* CarouselFlowLayout.swift in Sources */,
				FACFCA5E2751621100D876B2 /* AZListViewController.swift in Sources */,
				FACFCA3F2750E1CB00D876B2 /* ViewModel.swift in Sources */,
				FACFCA4A2750EEFB00D876B2 /* NotificationName.swift in Sources */,
				FACFCA232750E0CE00D876B2 /* SceneDelegate.swift in Sources */,
				FACFCA4D2751084100D876B2 /* AppNavigationController.swift in Sources */,
			);
			runOnlyForDeploymentPostprocessing = 0;
		};
/* End PBXSourcesBuildPhase section */

/* Begin PBXVariantGroup section */
		FACFCA262750E0CE00D876B2 /* Main.storyboard */ = {
			isa = PBXVariantGroup;
			children = (
				FACFCA272750E0CE00D876B2 /* Base */,
			);
			name = Main.storyboard;
			sourceTree = "<group>";
		};
		FACFCA2B2750E0D400D876B2 /* LaunchScreen.storyboard */ = {
			isa = PBXVariantGroup;
			children = (
				FACFCA2C2750E0D400D876B2 /* Base */,
			);
			name = LaunchScreen.storyboard;
			sourceTree = "<group>";
		};
/* End PBXVariantGroup section */

/* Begin XCBuildConfiguration section */
		FACFCA2F2750E0D400D876B2 /* Debug */ = {
			isa = XCBuildConfiguration;
			buildSettings = {
				ALWAYS_SEARCH_USER_PATHS = NO;
				CLANG_ANALYZER_NONNULL = YES;
				CLANG_ANALYZER_NUMBER_OBJECT_CONVERSION = YES_AGGRESSIVE;
				CLANG_CXX_LANGUAGE_STANDARD = "gnu++17";
				CLANG_CXX_LIBRARY = "libc++";
				CLANG_ENABLE_MODULES = YES;
				CLANG_ENABLE_OBJC_ARC = YES;
				CLANG_ENABLE_OBJC_WEAK = YES;
				CLANG_WARN_BLOCK_CAPTURE_AUTORELEASING = YES;
				CLANG_WARN_BOOL_CONVERSION = YES;
				CLANG_WARN_COMMA = YES;
				CLANG_WARN_CONSTANT_CONVERSION = YES;
				CLANG_WARN_DEPRECATED_OBJC_IMPLEMENTATIONS = YES;
				CLANG_WARN_DIRECT_OBJC_ISA_USAGE = YES_ERROR;
				CLANG_WARN_DOCUMENTATION_COMMENTS = YES;
				CLANG_WARN_EMPTY_BODY = YES;
				CLANG_WARN_ENUM_CONVERSION = YES;
				CLANG_WARN_INFINITE_RECURSION = YES;
				CLANG_WARN_INT_CONVERSION = YES;
				CLANG_WARN_NON_LITERAL_NULL_CONVERSION = YES;
				CLANG_WARN_OBJC_IMPLICIT_RETAIN_SELF = YES;
				CLANG_WARN_OBJC_LITERAL_CONVERSION = YES;
				CLANG_WARN_OBJC_ROOT_CLASS = YES_ERROR;
				CLANG_WARN_QUOTED_INCLUDE_IN_FRAMEWORK_HEADER = YES;
				CLANG_WARN_RANGE_LOOP_ANALYSIS = YES;
				CLANG_WARN_STRICT_PROTOTYPES = YES;
				CLANG_WARN_SUSPICIOUS_MOVE = YES;
				CLANG_WARN_UNGUARDED_AVAILABILITY = YES_AGGRESSIVE;
				CLANG_WARN_UNREACHABLE_CODE = YES;
				CLANG_WARN__DUPLICATE_METHOD_MATCH = YES;
				COPY_PHASE_STRIP = NO;
				DEBUG_INFORMATION_FORMAT = dwarf;
				ENABLE_STRICT_OBJC_MSGSEND = YES;
				ENABLE_TESTABILITY = YES;
				GCC_C_LANGUAGE_STANDARD = gnu11;
				GCC_DYNAMIC_NO_PIC = NO;
				GCC_NO_COMMON_BLOCKS = YES;
				GCC_OPTIMIZATION_LEVEL = 0;
				GCC_PREPROCESSOR_DEFINITIONS = (
					"DEBUG=1",
					"$(inherited)",
				);
				GCC_WARN_64_TO_32_BIT_CONVERSION = YES;
				GCC_WARN_ABOUT_RETURN_TYPE = YES_ERROR;
				GCC_WARN_UNDECLARED_SELECTOR = YES;
				GCC_WARN_UNINITIALIZED_AUTOS = YES_AGGRESSIVE;
				GCC_WARN_UNUSED_FUNCTION = YES;
				GCC_WARN_UNUSED_VARIABLE = YES;
				IPHONEOS_DEPLOYMENT_TARGET = 15.0;
				MTL_ENABLE_DEBUG_INFO = INCLUDE_SOURCE;
				MTL_FAST_MATH = YES;
				ONLY_ACTIVE_ARCH = YES;
				SDKROOT = iphoneos;
				SWIFT_ACTIVE_COMPILATION_CONDITIONS = DEBUG;
				SWIFT_OPTIMIZATION_LEVEL = "-Onone";
			};
			name = Debug;
		};
		FACFCA302750E0D400D876B2 /* Release */ = {
			isa = XCBuildConfiguration;
			buildSettings = {
				ALWAYS_SEARCH_USER_PATHS = NO;
				CLANG_ANALYZER_NONNULL = YES;
				CLANG_ANALYZER_NUMBER_OBJECT_CONVERSION = YES_AGGRESSIVE;
				CLANG_CXX_LANGUAGE_STANDARD = "gnu++17";
				CLANG_CXX_LIBRARY = "libc++";
				CLANG_ENABLE_MODULES = YES;
				CLANG_ENABLE_OBJC_ARC = YES;
				CLANG_ENABLE_OBJC_WEAK = YES;
				CLANG_WARN_BLOCK_CAPTURE_AUTORELEASING = YES;
				CLANG_WARN_BOOL_CONVERSION = YES;
				CLANG_WARN_COMMA = YES;
				CLANG_WARN_CONSTANT_CONVERSION = YES;
				CLANG_WARN_DEPRECATED_OBJC_IMPLEMENTATIONS = YES;
				CLANG_WARN_DIRECT_OBJC_ISA_USAGE = YES_ERROR;
				CLANG_WARN_DOCUMENTATION_COMMENTS = YES;
				CLANG_WARN_EMPTY_BODY = YES;
				CLANG_WARN_ENUM_CONVERSION = YES;
				CLANG_WARN_INFINITE_RECURSION = YES;
				CLANG_WARN_INT_CONVERSION = YES;
				CLANG_WARN_NON_LITERAL_NULL_CONVERSION = YES;
				CLANG_WARN_OBJC_IMPLICIT_RETAIN_SELF = YES;
				CLANG_WARN_OBJC_LITERAL_CONVERSION = YES;
				CLANG_WARN_OBJC_ROOT_CLASS = YES_ERROR;
				CLANG_WARN_QUOTED_INCLUDE_IN_FRAMEWORK_HEADER = YES;
				CLANG_WARN_RANGE_LOOP_ANALYSIS = YES;
				CLANG_WARN_STRICT_PROTOTYPES = YES;
				CLANG_WARN_SUSPICIOUS_MOVE = YES;
				CLANG_WARN_UNGUARDED_AVAILABILITY = YES_AGGRESSIVE;
				CLANG_WARN_UNREACHABLE_CODE = YES;
				CLANG_WARN__DUPLICATE_METHOD_MATCH = YES;
				COPY_PHASE_STRIP = NO;
				DEBUG_INFORMATION_FORMAT = "dwarf-with-dsym";
				ENABLE_NS_ASSERTIONS = NO;
				ENABLE_STRICT_OBJC_MSGSEND = YES;
				GCC_C_LANGUAGE_STANDARD = gnu11;
				GCC_NO_COMMON_BLOCKS = YES;
				GCC_WARN_64_TO_32_BIT_CONVERSION = YES;
				GCC_WARN_ABOUT_RETURN_TYPE = YES_ERROR;
				GCC_WARN_UNDECLARED_SELECTOR = YES;
				GCC_WARN_UNINITIALIZED_AUTOS = YES_AGGRESSIVE;
				GCC_WARN_UNUSED_FUNCTION = YES;
				GCC_WARN_UNUSED_VARIABLE = YES;
				IPHONEOS_DEPLOYMENT_TARGET = 15.0;
				MTL_ENABLE_DEBUG_INFO = NO;
				MTL_FAST_MATH = YES;
				SDKROOT = iphoneos;
				SWIFT_COMPILATION_MODE = wholemodule;
				SWIFT_OPTIMIZATION_LEVEL = "-O";
				VALIDATE_PRODUCT = YES;
			};
			name = Release;
		};
		FACFCA322750E0D400D876B2 /* Debug */ = {
			isa = XCBuildConfiguration;
			buildSettings = {
				ASSETCATALOG_COMPILER_APPICON_NAME = AppIcon;
				ASSETCATALOG_COMPILER_GLOBAL_ACCENT_COLOR_NAME = AccentColor;
				CODE_SIGN_STYLE = Automatic;
				CURRENT_PROJECT_VERSION = 1;
				GENERATE_INFOPLIST_FILE = YES;
				INFOPLIST_FILE = groupAndAZlist/Info.plist;
				INFOPLIST_KEY_UIApplicationSupportsIndirectInputEvents = YES;
				INFOPLIST_KEY_UILaunchStoryboardName = LaunchScreen;
				INFOPLIST_KEY_UIMainStoryboardFile = Main;
				INFOPLIST_KEY_UISupportedInterfaceOrientations_iPad = "UIInterfaceOrientationPortrait UIInterfaceOrientationPortraitUpsideDown UIInterfaceOrientationLandscapeLeft UIInterfaceOrientationLandscapeRight";
				INFOPLIST_KEY_UISupportedInterfaceOrientations_iPhone = "UIInterfaceOrientationPortrait UIInterfaceOrientationLandscapeLeft UIInterfaceOrientationLandscapeRight";
				LD_RUNPATH_SEARCH_PATHS = (
					"$(inherited)",
					"@executable_path/Frameworks",
				);
				MARKETING_VERSION = 1.0;
				PRODUCT_BUNDLE_IDENTIFIER = com.hamed.groupAndAZlist;
				PRODUCT_NAME = "$(TARGET_NAME)";
				SWIFT_EMIT_LOC_STRINGS = YES;
				SWIFT_VERSION = 5.0;
				TARGETED_DEVICE_FAMILY = "1,2";
			};
			name = Debug;
		};
		FACFCA332750E0D400D876B2 /* Release */ = {
			isa = XCBuildConfiguration;
			buildSettings = {
				ASSETCATALOG_COMPILER_APPICON_NAME = AppIcon;
				ASSETCATALOG_COMPILER_GLOBAL_ACCENT_COLOR_NAME = AccentColor;
				CODE_SIGN_STYLE = Automatic;
				CURRENT_PROJECT_VERSION = 1;
				GENERATE_INFOPLIST_FILE = YES;
				INFOPLIST_FILE = groupAndAZlist/Info.plist;
				INFOPLIST_KEY_UIApplicationSupportsIndirectInputEvents = YES;
				INFOPLIST_KEY_UILaunchStoryboardName = LaunchScreen;
				INFOPLIST_KEY_UIMainStoryboardFile = Main;
				INFOPLIST_KEY_UISupportedInterfaceOrientations_iPad = "UIInterfaceOrientationPortrait UIInterfaceOrientationPortraitUpsideDown UIInterfaceOrientationLandscapeLeft UIInterfaceOrientationLandscapeRight";
				INFOPLIST_KEY_UISupportedInterfaceOrientations_iPhone = "UIInterfaceOrientationPortrait UIInterfaceOrientationLandscapeLeft UIInterfaceOrientationLandscapeRight";
				LD_RUNPATH_SEARCH_PATHS = (
					"$(inherited)",
					"@executable_path/Frameworks",
				);
				MARKETING_VERSION = 1.0;
				PRODUCT_BUNDLE_IDENTIFIER = com.hamed.groupAndAZlist;
				PRODUCT_NAME = "$(TARGET_NAME)";
				SWIFT_EMIT_LOC_STRINGS = YES;
				SWIFT_VERSION = 5.0;
				TARGETED_DEVICE_FAMILY = "1,2";
			};
			name = Release;
		};
/* End XCBuildConfiguration section */

/* Begin XCConfigurationList section */
		FACFCA182750E0CE00D876B2 /* Build configuration list for PBXProject "groupAndAZlist" */ = {
			isa = XCConfigurationList;
			buildConfigurations = (
				FACFCA2F2750E0D400D876B2 /* Debug */,
				FACFCA302750E0D400D876B2 /* Release */,
			);
			defaultConfigurationIsVisible = 0;
			defaultConfigurationName = Release;
		};
		FACFCA312750E0D400D876B2 /* Build configuration list for PBXNativeTarget "groupAndAZlist" */ = {
			isa = XCConfigurationList;
			buildConfigurations = (
				FACFCA322750E0D400D876B2 /* Debug */,
				FACFCA332750E0D400D876B2 /* Release */,
			);
			defaultConfigurationIsVisible = 0;
			defaultConfigurationName = Release;
		};
/* End XCConfigurationList section */
	};
	rootObject = FACFCA152750E0CE00D876B2 /* Project object */;
}
